
Microsoft Visual Studio Solution File, Format Version 12.00
# Visual Studio Version 16
VisualStudioVersion = 16.0.28803.202
MinimumVisualStudioVersion = 10.0.40219.1
Project("{9A19103F-16F7-4668-BE54-9A1E7A4F7556}") = "Product Management", "Product Management\Product Management.csproj", "{4CDE4097-8242-4CC4-8A66-33069FECDCEA}"
EndProject
Project("{9A19103F-16F7-4668-BE54-9A1E7A4F7556}") = "Product Management Core", "Product Management Core\Product Management Core.csproj", "{6F23E3E2-6356-4C54-B823-6674F4E2ECD0}"
EndProject
Project("{9A19103F-16F7-4668-BE54-9A1E7A4F7556}") = "Product Management Client", "Product Management Client\Product Management Client.csproj", "{2FBBFE1C-D12E-472F-86B8-5A6AB4564551}"
EndProject
Project("{9A19103F-16F7-4668-BE54-9A1E7A4F7556}") = "Product Management Domain", "Product Management Domain\Product Management Domain.csproj", "{B6BC3C87-D455-482B-9C36-B8A3A7A2A749}"
EndProject
Project("{9A19103F-16F7-4668-BE54-9A1E7A4F7556}") = "Product Management Shared", "Product Management Shared\Product Management Shared.csproj", "{1D5A59EC-0C60-4215-9583-9B4F1D282C83}"
EndProject
Global
	GlobalSection(SolutionConfigurationPlatforms) = preSolution
		Debug|Any CPU = Debug|Any CPU
		Release|Any CPU = Release|Any CPU
	EndGlobalSection
	GlobalSection(ProjectConfigurationPlatforms) = postSolution
		{4CDE4097-8242-4CC4-8A66-33069FECDCEA}.Debug|Any CPU.ActiveCfg = Debug|Any CPU
		{4CDE4097-8242-4CC4-8A66-33069FECDCEA}.Debug|Any CPU.Build.0 = Debug|Any CPU
		{4CDE4097-8242-4CC4-8A66-33069FECDCEA}.Release|Any CPU.ActiveCfg = Release|Any CPU
		{4CDE4097-8242-4CC4-8A66-33069FECDCEA}.Release|Any CPU.Build.0 = Release|Any CPU
		{6F23E3E2-6356-4C54-B823-6674F4E2ECD0}.Debug|Any CPU.ActiveCfg = Debug|Any CPU
		{6F23E3E2-6356-4C54-B823-6674F4E2ECD0}.Debug|Any CPU.Build.0 = Debug|Any CPU
		{6F23E3E2-6356-4C54-B823-6674F4E2ECD0}.Release|Any CPU.ActiveCfg = Release|Any CPU
		{6F23E3E2-6356-4C54-B823-6674F4E2ECD0}.Release|Any CPU.Build.0 = Release|Any CPU
		{2FBBFE1C-D12E-472F-86B8-5A6AB4564551}.Debug|Any CPU.ActiveCfg = Debug|Any CPU
		{2FBBFE1C-D12E-472F-86B8-5A6AB4564551}.Debug|Any CPU.Build.0 = Debug|Any CPU
		{2FBBFE1C-D12E-472F-86B8-5A6AB4564551}.Release|Any CPU.ActiveCfg = Release|Any CPU
		{2FBBFE1C-D12E-472F-86B8-5A6AB4564551}.Release|Any CPU.Build.0 = Release|Any CPU
		{B6BC3C87-D455-482B-9C36-B8A3A7A2A749}.Debug|Any CPU.ActiveCfg = Debug|Any CPU
		{B6BC3C87-D455-482B-9C36-B8A3A7A2A749}.Debug|Any CPU.Build.0 = Debug|Any CPU
		{B6BC3C87-D455-482B-9C36-B8A3A7A2A749}.Release|Any CPU.ActiveCfg = Release|Any CPU
		{B6BC3C87-D455-482B-9C36-B8A3A7A2A749}.Release|Any CPU.Build.0 = Release|Any CPU
		{1D5A59EC-0C60-4215-9583-9B4F1D282C83}.Debug|Any CPU.ActiveCfg = Debug|Any CPU
		{1D5A59EC-0C60-4215-9583-9B4F1D282C83}.Debug|Any CPU.Build.0 = Debug|Any CPU
		{1D5A59EC-0C60-4215-9583-9B4F1D282C83}.Release|Any CPU.ActiveCfg = Release|Any CPU
		{1D5A59EC-0C60-4215-9583-9B4F1D282C83}.Release|Any CPU.Build.0 = Release|Any CPU
	EndGlobalSection
	GlobalSection(SolutionProperties) = preSolution
		HideSolutionNode = FALSE
	EndGlobalSection
	GlobalSection(ExtensibilityGlobals) = postSolution
		SolutionGuid = {561B0574-0F66-47FD-9317-A6F7EE101669}
	EndGlobalSection
EndGlobal
